{
  "lockfile_version": "1",
  "packages": {
    "github:NixOS/nixpkgs/nixpkgs-unstable": {
      "last_modified": "2026-04-23T13:07:47Z",
      "resolved": "github:NixOS/nixpkgs/01fbdeef22b76df85ea168fbfe1bfd9e63681b30?lastModified=1776949667&narHash=sha256-GMSVw35Q%2B294GlrTUKlx087E31z7KurReQ1YHSKp5iw%3D"
    },
    "nodejs@20.9": {
      "last_modified": "2023-11-17T14:14:56Z",
      "plugin_version": "0.0.2",
      "resolved": "github:NixOS/nixpkgs/a71323f68d4377d12c04a5410e214495ec598d4c#nodejs_20",
      "source": "devbox-search",
      "version": "20.9.0",
      "systems": {
        "aarch64-darwin": {
          "outputs": [
            {
              "name": "out",
              "path": "/nix/store/j3ysbimmll43w5zpx7whscyrk5pf9csd-nodejs-20.9.0",
              "default": true
            },
            {
              "name": "libv8",
              "path": "/nix/store/ngxj1h950wb6sphg1sk3qdizrnqnssin-nodejs-20.9.0-libv8"
            }
          ],
          "store_path": "/nix/store/j3ysbimmll43w5zpx7whscyrk5pf9csd-nodejs-20.9.0"
        },
        "aarch64-linux": {
          "outputs": [
            {
              "name": "out",
              "path": "/nix/store/bpxzgvpv9njj130aqi1qhvpmlvb7kc97-nodejs-20.9.0",
              "default": true
            },
            {
              "name": "libv8",
              "path": "/nix/store/p85yrl61p49lb0ays48pdgvqznrmzfb1-nodejs-20.9.0-libv8"
            }
          ],
          "store_path": "/nix/store/bpxzgvpv9njj130aqi1qhvpmlvb7kc97-nodejs-20.9.0"
        },
        "x86_64-darwin": {
          "outputs": [
            {
              "name": "out",
              "path": "/nix/store/c8alh4kgkra7ax2j166ahpb40n7jvkg1-nodejs-20.9.0",
              "default": true
            },
            {
              "name": "libv8",
              "path": "/nix/store/hfhdn4csp24ybnn4bay5kc2db7mc77n7-nodejs-20.9.0-libv8"
            }
          ],
          "store_path": "/nix/store/c8alh4kgkra7ax2j166ahpb40n7jvkg1-nodejs-20.9.0"
        },
        "x86_64-linux": {
          "outputs": [
            {
              "name": "out",
              "path": "/nix/store/a1hckfqzyys4rfgbdy5kmb5w0zdr55i5-nodejs-20.9.0",
              "default": true
            },
            {
              "name": "libv8",
              "path": "/nix/store/zh8mpfa11g0436pkzqg9mdgglprfgx0h-nodejs-20.9.0-libv8"
            }
          ],
          "store_path": "/nix/store/a1hckfqzyys4rfgbdy5kmb5w0zdr55i5-nodejs-20.9.0"
        }
      }
    },
    "yarn@latest": {
      "last_modified": "2026-04-23T13:07:47Z",
      "resolved": "github:NixOS/nixpkgs/01fbdeef22b76df85ea168fbfe1bfd9e63681b30#yarn",
      "source": "devbox-search",
      "version": "1.22.22",
      "systems": {
        "aarch64-darwin": {
          "outputs": [
            {
              "name": "out",
              "path": "/nix/store/mv0c99igkh2hs9rcp6xq7473ws901byw-yarn-1.22.22",
              "default": true
            }
          ],
          "store_path": "/nix/store/mv0c99igkh2hs9rcp6xq7473ws901byw-yarn-1.22.22"
        },
        "aarch64-linux": {
          "outputs": [
            {
              "name": "out",
              "path": "/nix/store/6763b92297klnng7k1g7n93i09rbffxi-yarn-1.22.22",
              "default": true
            }
          ],
          "store_path": "/nix/store/6763b92297klnng7k1g7n93i09rbffxi-yarn-1.22.22"
        },
        "x86_64-darwin": {
          "outputs": [
            {
              "name": "out",
              "path": "/nix/store/qfva5zmyh99x2vi5axlxk3hncyfwbzmj-yarn-1.22.22",
              "default": true
            }
          ],
          "store_path": "/nix/store/qfva5zmyh99x2vi5axlxk3hncyfwbzmj-yarn-1.22.22"
        },
        "x86_64-linux": {
          "outputs": [
            {
              "name": "out",
              "path": "/nix/store/cmj87b2g1l41mg311w5s68dl4s7c1g1z-yarn-1.22.22",
              "default": true
            }
          ],
          "store_path": "/nix/store/cmj87b2g1l41mg311w5s68dl4s7c1g1z-yarn-1.22.22"
        }
      }
    }
  }
}
